
Microsoft Visual Studio Solution File, Format Version 12.00
# Visual Studio 15
VisualStudioVersion = 15.0.27703.2042
MinimumVisualStudioVersion = 10.0.40219.1
Project("{FAE04EC0-301F-11D3-BF4B-00C04F79EFBC}") = "Kreuzworträtsel", "Kreuzworträtsel\Kreuzworträtsel.csproj", "{4AE9E6C2-0C46-4F49-AE3A-BC3E723B00CF}"
EndProject
Global
	GlobalSection(SolutionConfigurationPlatforms) = preSolution
		Debug|Any CPU = Debug|Any CPU
		Release|Any CPU = Release|Any CPU
	EndGlobalSection
	GlobalSection(ProjectConfigurationPlatforms) = postSolution
		{4AE9E6C2-0C46-4F49-AE3A-BC3E723B00CF}.Debug|Any CPU.ActiveCfg = Debug|Any CPU
		{4AE9E6C2-0C46-4F49-AE3A-BC3E723B00CF}.Debug|Any CPU.Build.0 = Debug|Any CPU
		{4AE9E6C2-0C46-4F49-AE3A-BC3E723B00CF}.Release|Any CPU.ActiveCfg = Release|Any CPU
		{4AE9E6C2-0C46-4F49-AE3A-BC3E723B00CF}.Release|Any CPU.Build.0 = Release|Any CPU
	EndGlobalSection
	GlobalSection(SolutionProperties) = preSolution
		HideSolutionNode = FALSE
	EndGlobalSection
	GlobalSection(ExtensibilityGlobals) = postSolution
		SolutionGuid = {D1FEABA7-04DB-437A-A155-AACA87354286}
	EndGlobalSection
EndGlobal
